// !$*UTF8*$!
{
	archiveVersion = 1;
	classes = {
	};
	objectVersion = 46;
	objects = {

/* Begin PBXBuildFile section */
		A247D6041D18EC4300E3A59B /* main.m in Sources */ = {isa = PBXBuildFile; fileRef = A247D6031D18EC4300E3A59B /* main.m */; };
		A247D6071D18EC4300E3A59B /* AppDelegate.m in Sources */ = {isa = PBXBuildFile; fileRef = A247D6061D18EC4300E3A59B /* AppDelegate.m */; };
		A247D60A1D18EC4300E3A59B /* ViewController.m in Sources */ = {isa = PBXBuildFile; fileRef = A247D6091D18EC4300E3A59B /* ViewController.m */; };
		A247D60D1D18EC4300E3A59B /* Main.storyboard in Resources */ = {isa = PBXBuildFile; fileRef = A247D60B1D18EC4300E3A59B /* Main.storyboard */; };
		A247D60F1D18EC4300E3A59B /* Assets.xcassets in Resources */ = {isa = PBXBuildFile; fileRef = A247D60E1D18EC4300E3A59B /* Assets.xcassets */; };
		A247D6121D18EC4300E3A59B /* LaunchScreen.storyboard in Resources */ = {isa = PBXBuildFile; fileRef = A247D6101D18EC4300E3A59B /* LaunchScreen.storyboard */; };
		A247D61D1D18F04600E3A59B /* QuartzCore.framework in Frameworks */ = {isa = PBXBuildFile; fileRef = A247D61C1D18F04600E3A59B /* QuartzCore.framework */; };
		A247D6341D18FF9B00E3A59B /* Line.m in Sources */ = {isa = PBXBuildFile; fileRef = A247D6331D18FF9B00E3A59B /* Line.m */; };
		A247D6371D19002F00E3A59B /* TouchDrawView.m in Sources */ = {isa = PBXBuildFile; fileRef = A247D6361D19002F00E3A59B /* TouchDrawView.m */; };
		A247D63A1D1913F100E3A59B /* ColorSelectView.m in Sources */ = {isa = PBXBuildFile; fileRef = A247D6391D1913F100E3A59B /* ColorSelectView.m */; };
/* End PBXBuildFile section */

/* Begin PBXFileReference section */
		A247D5FF1D18EC4300E3A59B /* 画板.app */ = {isa = PBXFileReference; explicitFileType = wrapper.application; includeInIndex = 0; path = "画板.app"; sourceTree = BUILT_PRODUCTS_DIR; };
		A247D6031D18EC4300E3A59B /* main.m */ = {isa = PBXFileReference; lastKnownFileType = sourcecode.c.objc; path = main.m; sourceTree = "<group>"; };
		A247D6051D18EC4300E3A59B /* AppDelegate.h */ = {isa = PBXFileReference; lastKnownFileType = sourcecode.c.h; path = AppDelegate.h; sourceTree = "<group>"; };
		A247D6061D18EC4300E3A59B /* AppDelegate.m */ = {isa = PBXFileReference; lastKnownFileType = sourcecode.c.objc; path = AppDelegate.m; sourceTree = "<group>"; };
		A247D6081D18EC4300E3A59B /* ViewController.h */ = {isa = PBXFileReference; lastKnownFileType = sourcecode.c.h; path = ViewController.h; sourceTree = "<group>"; };
		A247D6091D18EC4300E3A59B /* ViewController.m */ = {isa = PBXFileReference; lastKnownFileType = sourcecode.c.objc; path = ViewController.m; sourceTree = "<group>"; };
		A247D60C1D18EC4300E3A59B /* Base */ = {isa = PBXFileReference; lastKnownFileType = file.storyboard; name = Base; path = Base.lproj/Main.storyboard; sourceTree = "<group>"; };
		A247D60E1D18EC4300E3A59B /* Assets.xcassets */ = {isa = PBXFileReference; lastKnownFileType = folder.assetcatalog; path = Assets.xcassets; sourceTree = "<group>"; };
		A247D6111D18EC4300E3A59B /* Base */ = {isa = PBXFileReference; lastKnownFileType = file.storyboard; name = Base; path = Base.lproj/LaunchScreen.storyboard; sourceTree = "<group>"; };
		A247D6131D18EC4300E3A59B /* Info.plist */ = {isa = PBXFileReference; lastKnownFileType = text.plist.xml; path = Info.plist; sourceTree = "<group>"; };
		A247D61C1D18F04600E3A59B /* QuartzCore.framework */ = {isa = PBXFileReference; lastKnownFileType = wrapper.framework; name = QuartzCore.framework; path = System/Library/Frameworks/QuartzCore.framework; sourceTree = SDKROOT; };
		A247D6321D18FF9B00E3A59B /* Line.h */ = {isa = PBXFileReference; fileEncoding = 4; lastKnownFileType = sourcecode.c.h; path = Line.h; sourceTree = "<group>"; };
		A247D6331D18FF9B00E3A59B /* Line.m */ = {isa = PBXFileReference; fileEncoding = 4; lastKnownFileType = sourcecode.c.objc; path = Line.m; sourceTree = "<group>"; };
		A247D6351D19002F00E3A59B /* TouchDrawView.h */ = {isa = PBXFileReference; fileEncoding = 4; lastKnownFileType = sourcecode.c.h; path = TouchDrawView.h; sourceTree = "<group>"; };
		A247D6361D19002F00E3A59B /* TouchDrawView.m */ = {isa = PBXFileReference; fileEncoding = 4; lastKnownFileType = sourcecode.c.objc; path = TouchDrawView.m; sourceTree = "<group>"; };
		A247D6381D1913F100E3A59B /* ColorSelectView.h */ = {isa = PBXFileReference; fileEncoding = 4; lastKnownFileType = sourcecode.c.h; path = ColorSelectView.h; sourceTree = "<group>"; };
		A247D6391D1913F100E3A59B /* ColorSelectView.m */ = {isa = PBXFileReference; fileEncoding = 4; lastKnownFileType = sourcecode.c.objc; path = ColorSelectView.m; sourceTree = "<group>"; };
/* End PBXFileReference section */

/* Begin PBXFrameworksBuildPhase section */
		A247D5FC1D18EC4300E3A59B /* Frameworks */ = {
			isa = PBXFrameworksBuildPhase;
			buildActionMask = 2147483647;
			files = (
				A247D61D1D18F04600E3A59B /* QuartzCore.framework in Frameworks */,
			);
			runOnlyForDeploymentPostprocessing = 0;
		};
/* End PBXFrameworksBuildPhase section */

/* Begin PBXGroup section */
		A247D5F61D18EC4300E3A59B = {
			isa = PBXGroup;
			children = (
				A247D61C1D18F04600E3A59B /* QuartzCore.framework */,
				A247D6011D18EC4300E3A59B /* 画板 */,
				A247D6001D18EC4300E3A59B /* Products */,
			);
			sourceTree = "<group>";
		};
		A247D6001D18EC4300E3A59B /* Products */ = {
			isa = PBXGroup;
			children = (
				A247D5FF1D18EC4300E3A59B /* 画板.app */,
			);
			name = Products;
			sourceTree = "<group>";
		};
		A247D6011D18EC4300E3A59B /* 画板 */ = {
			isa = PBXGroup;
			children = (
				A247D6051D18EC4300E3A59B /* AppDelegate.h */,
				A247D6061D18EC4300E3A59B /* AppDelegate.m */,
				A247D6081D18EC4300E3A59B /* ViewController.h */,
				A247D6091D18EC4300E3A59B /* ViewController.m */,
				A247D60B1D18EC4300E3A59B /* Main.storyboard */,
				A247D60E1D18EC4300E3A59B /* Assets.xcassets */,
				A247D6101D18EC4300E3A59B /* LaunchScreen.storyboard */,
				A247D6131D18EC4300E3A59B /* Info.plist */,
				A247D6021D18EC4300E3A59B /* Supporting Files */,
				A247D6321D18FF9B00E3A59B /* Line.h */,
				A247D6331D18FF9B00E3A59B /* Line.m */,
				A247D6351D19002F00E3A59B /* TouchDrawView.h */,
				A247D6361D19002F00E3A59B /* TouchDrawView.m */,
				A247D6381D1913F100E3A59B /* ColorSelectView.h */,
				A247D6391D1913F100E3A59B /* ColorSelectView.m */,
			);
			path = "画板";
			sourceTree = "<group>";
		};
		A247D6021D18EC4300E3A59B /* Supporting Files */ = {
			isa = PBXGroup;
			children = (
				A247D6031D18EC4300E3A59B /* main.m */,
			);
			name = "Supporting Files";
			sourceTree = "<group>";
		};
/* End PBXGroup section */

/* Begin PBXNativeTarget section */
		A247D5FE1D18EC4300E3A59B /* 画板 */ = {
			isa = PBXNativeTarget;
			buildConfigurationList = A247D6161D18EC4300E3A59B /* Build configuration list for PBXNativeTarget "画板" */;
			buildPhases = (
				A247D5FB1D18EC4300E3A59B /* Sources */,
				A247D5FC1D18EC4300E3A59B /* Frameworks */,
				A247D5FD1D18EC4300E3A59B /* Resources */,
			);
			buildRules = (
			);
			dependencies = (
			);
			name = "画板";
			productName = "画板";
			productReference = A247D5FF1D18EC4300E3A59B /* 画板.app */;
			productType = "com.apple.product-type.application";
		};
/* End PBXNativeTarget section */

/* Begin PBXProject section */
		A247D5F71D18EC4300E3A59B /* Project object */ = {
			isa = PBXProject;
			attributes = {
				LastUpgradeCheck = 0730;
				ORGANIZATIONNAME = whq;
				TargetAttributes = {
					A247D5FE1D18EC4300E3A59B = {
						CreatedOnToolsVersion = 7.3.1;
					};
				};
			};
			buildConfigurationList = A247D5FA1D18EC4300E3A59B /* Build configuration list for PBXProject "画板" */;
			compatibilityVersion = "Xcode 3.2";
			developmentRegion = English;
			hasScannedForEncodings = 0;
			knownRegions = (
				en,
				Base,
			);
			mainGroup = A247D5F61D18EC4300E3A59B;
			productRefGroup = A247D6001D18EC4300E3A59B /* Products */;
			projectDirPath = "";
			projectRoot = "";
			targets = (
				A247D5FE1D18EC4300E3A59B /* 画板 */,
			);
		};
/* End PBXProject section */

/* Begin PBXResourcesBuildPhase section */
		A247D5FD1D18EC4300E3A59B /* Resources */ = {
			isa = PBXResourcesBuildPhase;
			buildActionMask = 2147483647;
			files = (
				A247D6121D18EC4300E3A59B /* LaunchScreen.storyboard in Resources */,
				A247D60F1D18EC4300E3A59B /* Assets.xcassets in Resources */,
				A247D60D1D18EC4300E3A59B /* Main.storyboard in Resources */,
			);
			runOnlyForDeploymentPostprocessing = 0;
		};
/* End PBXResourcesBuildPhase section */

/* Begin PBXSourcesBuildPhase section */
		A247D5FB1D18EC4300E3A59B /* Sources */ = {
			isa = PBXSourcesBuildPhase;
			buildActionMask = 2147483647;
			files = (
				A247D60A1D18EC4300E3A59B /* ViewController.m in Sources */,
				A247D6341D18FF9B00E3A59B /* Line.m in Sources */,
				A247D63A1D1913F100E3A59B /* ColorSelectView.m in Sources */,
				A247D6371D19002F00E3A59B /* TouchDrawView.m in Sources */,
				A247D6071D18EC4300E3A59B /* AppDelegate.m in Sources */,
				A247D6041D18EC4300E3A59B /* main.m in Sources */,
			);
			runOnlyForDeploymentPostprocessing = 0;
		};
/* End PBXSourcesBuildPhase section */

/* Begin PBXVariantGroup section */
		A247D60B1D18EC4300E3A59B /* Main.storyboard */ = {
			isa = PBXVariantGroup;
			children = (
				A247D60C1D18EC4300E3A59B /* Base */,
			);
			name = Main.storyboard;
			sourceTree = "<group>";
		};
		A247D6101D18EC4300E3A59B /* LaunchScreen.storyboard */ = {
			isa = PBXVariantGroup;
			children = (
				A247D6111D18EC4300E3A59B /* Base */,
			);
			name = LaunchScreen.storyboard;
			sourceTree = "<group>";
		};
/* End PBXVariantGroup section */

/* Begin XCBuildConfiguration section */
		A247D6141D18EC4300E3A59B /* Debug */ = {
			isa = XCBuildConfiguration;
			buildSettings = {
				ALWAYS_SEARCH_USER_PATHS = NO;
				CLANG_ANALYZER_NONNULL = YES;
				CLANG_CXX_LANGUAGE_STANDARD = "gnu++0x";
				CLANG_CXX_LIBRARY = "libc++";
				CLANG_ENABLE_MODULES = YES;
				CLANG_ENABLE_OBJC_ARC = YES;
				CLANG_WARN_BOOL_CONVERSION = YES;
				CLANG_WARN_CONSTANT_CONVERSION = YES;
				CLANG_WARN_DIRECT_OBJC_ISA_USAGE = YES_ERROR;
				CLANG_WARN_EMPTY_BODY = YES;
				CLANG_WARN_ENUM_CONVERSION = YES;
				CLANG_WARN_INT_CONVERSION = YES;
				CLANG_WARN_OBJC_ROOT_CLASS = YES_ERROR;
				CLANG_WARN_UNREACHABLE_CODE = YES;
				CLANG_WARN__DUPLICATE_METHOD_MATCH = YES;
				"CODE_SIGN_IDENTITY[sdk=iphoneos*]" = "iPhone Developer";
				COPY_PHASE_STRIP = NO;
				DEBUG_INFORMATION_FORMAT = dwarf;
				ENABLE_STRICT_OBJC_MSGSEND = YES;
				ENABLE_TESTABILITY = YES;
				GCC_C_LANGUAGE_STANDARD = gnu99;
				GCC_DYNAMIC_NO_PIC = NO;
				GCC_NO_COMMON_BLOCKS = YES;
				GCC_OPTIMIZATION_LEVEL = 0;
				GCC_PREPROCESSOR_DEFINITIONS = (
					"DEBUG=1",
					"$(inherited)",
				);
				GCC_WARN_64_TO_32_BIT_CONVERSION = YES;
				GCC_WARN_ABOUT_RETURN_TYPE = YES_ERROR;
				GCC_WARN_UNDECLARED_SELECTOR = YES;
				GCC_WARN_UNINITIALIZED_AUTOS = YES_AGGRESSIVE;
				GCC_WARN_UNUSED_FUNCTION = YES;
				GCC_WARN_UNUSED_VARIABLE = YES;
				IPHONEOS_DEPLOYMENT_TARGET = 9.3;
				MTL_ENABLE_DEBUG_INFO = YES;
				ONLY_ACTIVE_ARCH = YES;
				SDKROOT = iphoneos;
				TARGETED_DEVICE_FAMILY = "1,2";
			};
			name = Debug;
		};
		A247D6151D18EC4300E3A59B /* Release */ = {
			isa = XCBuildConfiguration;
			buildSettings = {
				ALWAYS_SEARCH_USER_PATHS = NO;
				CLANG_ANALYZER_NONNULL = YES;
				CLANG_CXX_LANGUAGE_STANDARD = "gnu++0x";
				CLANG_CXX_LIBRARY = "libc++";
				CLANG_ENABLE_MODULES = YES;
				CLANG_ENABLE_OBJC_ARC = YES;
				CLANG_WARN_BOOL_CONVERSION = YES;
				CLANG_WARN_CONSTANT_CONVERSION = YES;
				CLANG_WARN_DIRECT_OBJC_ISA_USAGE = YES_ERROR;
				CLANG_WARN_EMPTY_BODY = YES;
				CLANG_WARN_ENUM_CONVERSION = YES;
				CLANG_WARN_INT_CONVERSION = YES;
				CLANG_WARN_OBJC_ROOT_CLASS = YES_ERROR;
				CLANG_WARN_UNREACHABLE_CODE = YES;
				CLANG_WARN__DUPLICATE_METHOD_MATCH = YES;
				"CODE_SIGN_IDENTITY[sdk=iphoneos*]" = "iPhone Developer";
				COPY_PHASE_STRIP = NO;
				DEBUG_INFORMATION_FORMAT = "dwarf-with-dsym";
				ENABLE_NS_ASSERTIONS = NO;
				ENABLE_STRICT_OBJC_MSGSEND = YES;
				GCC_C_LANGUAGE_STANDARD = gnu99;
				GCC_NO_COMMON_BLOCKS = YES;
				GCC_WARN_64_TO_32_BIT_CONVERSION = YES;
				GCC_WARN_ABOUT_RETURN_TYPE = YES_ERROR;
				GCC_WARN_UNDECLARED_SELECTOR = YES;
				GCC_WARN_UNINITIALIZED_AUTOS = YES_AGGRESSIVE;
				GCC_WARN_UNUSED_FUNCTION = YES;
				GCC_WARN_UNUSED_VARIABLE = YES;
				IPHONEOS_DEPLOYMENT_TARGET = 9.3;
				MTL_ENABLE_DEBUG_INFO = NO;
				SDKROOT = iphoneos;
				TARGETED_DEVICE_FAMILY = "1,2";
				VALIDATE_PRODUCT = YES;
			};
			name = Release;
		};
		A247D6171D18EC4300E3A59B /* Debug */ = {
			isa = XCBuildConfiguration;
			buildSettings = {
				ASSETCATALOG_COMPILER_APPICON_NAME = AppIcon;
				INFOPLIST_FILE = "画板/Info.plist";
				LD_RUNPATH_SEARCH_PATHS = "$(inherited) @executable_path/Frameworks";
				PRODUCT_BUNDLE_IDENTIFIER = "com.whq.--";
				PRODUCT_NAME = "$(TARGET_NAME)";
			};
			name = Debug;
		};
		A247D6181D18EC4300E3A59B /* Release */ = {
			isa = XCBuildConfiguration;
			buildSettings = {
				ASSETCATALOG_COMPILER_APPICON_NAME = AppIcon;
				INFOPLIST_FILE = "画板/Info.plist";
				LD_RUNPATH_SEARCH_PATHS = "$(inherited) @executable_path/Frameworks";
				PRODUCT_BUNDLE_IDENTIFIER = "com.whq.--";
				PRODUCT_NAME = "$(TARGET_NAME)";
			};
			name = Release;
		};
/* End XCBuildConfiguration section */

/* Begin XCConfigurationList section */
		A247D5FA1D18EC4300E3A59B /* Build configuration list for PBXProject "画板" */ = {
			isa = XCConfigurationList;
			buildConfigurations = (
				A247D6141D18EC4300E3A59B /* Debug */,
				A247D6151D18EC4300E3A59B /* Release */,
			);
			defaultConfigurationIsVisible = 0;
			defaultConfigurationName = Release;
		};
		A247D6161D18EC4300E3A59B /* Build configuration list for PBXNativeTarget "画板" */ = {
			isa = XCConfigurationList;
			buildConfigurations = (
				A247D6171D18EC4300E3A59B /* Debug */,
				A247D6181D18EC4300E3A59B /* Release */,
			);
			defaultConfigurationIsVisible = 0;
		};
/* End XCConfigurationList section */
	};
	rootObject = A247D5F71D18EC4300E3A59B /* Project object */;
}
